
Microsoft Visual Studio Solution File, Format Version 12.00
# Visual Studio Version 16
VisualStudioVersion = 16.0.29519.181
MinimumVisualStudioVersion = 10.0.40219.1
Project("{FAE04EC0-301F-11D3-BF4B-00C04F79EFBC}") = "ProjetoPessoaDDD", "ProjetoPessoaDDD.csproj", "{B077C883-A5AA-4404-9B54-E769CA53286F}"
EndProject
Global
	GlobalSection(SolutionConfigurationPlatforms) = preSolution
		Debug|Any CPU = Debug|Any CPU
		Release|Any CPU = Release|Any CPU
	EndGlobalSection
	GlobalSection(ProjectConfigurationPlatforms) = postSolution
		{B077C883-A5AA-4404-9B54-E769CA53286F}.Debug|Any CPU.ActiveCfg = Debug|Any CPU
		{B077C883-A5AA-4404-9B54-E769CA53286F}.Debug|Any CPU.Build.0 = Debug|Any CPU
		{B077C883-A5AA-4404-9B54-E769CA53286F}.Release|Any CPU.ActiveCfg = Release|Any CPU
		{B077C883-A5AA-4404-9B54-E769CA53286F}.Release|Any CPU.Build.0 = Release|Any CPU
	EndGlobalSection
	GlobalSection(SolutionProperties) = preSolution
		HideSolutionNode = FALSE
	EndGlobalSection
	GlobalSection(ExtensibilityGlobals) = postSolution
		SolutionGuid = {3804955C-2D0A-42BD-9EAF-77A7F2DF14C1}
	EndGlobalSection
EndGlobal
